// !$*UTF8*$!
{
	archiveVersion = 1;
	classes = {
	};
	objectVersion = 46;
	objects = {

/* Begin PBXBuildFile section */
		1B0E49AC1ADDDF92002A888B /* main.m in Sources */ = {isa = PBXBuildFile; fileRef = 1B0E49AB1ADDDF92002A888B /* main.m */; };
		1B0E49AF1ADDDF92002A888B /* AppDelegate.m in Sources */ = {isa = PBXBuildFile; fileRef = 1B0E49AE1ADDDF92002A888B /* AppDelegate.m */; };
		1B0E49B21ADDDF92002A888B /* GameScene.m in Sources */ = {isa = PBXBuildFile; fileRef = 1B0E49B11ADDDF92002A888B /* GameScene.m */; };
		1B0E49B41ADDDF92002A888B /* GameScene.sks in Resources */ = {isa = PBXBuildFile; fileRef = 1B0E49B31ADDDF92002A888B /* GameScene.sks */; };
		1B0E49B71ADDDF92002A888B /* GameViewController.m in Sources */ = {isa = PBXBuildFile; fileRef = 1B0E49B61ADDDF92002A888B /* GameViewController.m */; };
		1B0E49BA1ADDDF92002A888B /* Main.storyboard in Resources */ = {isa = PBXBuildFile; fileRef = 1B0E49B81ADDDF92002A888B /* Main.storyboard */; };
		1B0E49BC1ADDDF92002A888B /* Images.xcassets in Resources */ = {isa = PBXBuildFile; fileRef = 1B0E49BB1ADDDF92002A888B /* Images.xcassets */; };
		1B0E49BF1ADDDF92002A888B /* LaunchScreen.xib in Resources */ = {isa = PBXBuildFile; fileRef = 1B0E49BD1ADDDF92002A888B /* LaunchScreen.xib */; };
		1B0E49CB1ADDDF92002A888B /* Memoria_VisualizacionTests.m in Sources */ = {isa = PBXBuildFile; fileRef = 1B0E49CA1ADDDF92002A888B /* Memoria_VisualizacionTests.m */; };
		1B0E49D71ADDDFB0002A888B /* Scene00.m in Sources */ = {isa = PBXBuildFile; fileRef = 1B0E49D51ADDDFB0002A888B /* Scene00.m */; };
		1B0E49DB1ADDDFCB002A888B /* background_main.jpg in Resources */ = {isa = PBXBuildFile; fileRef = 1B0E49D91ADDDFCB002A888B /* background_main.jpg */; };
		1B0E49DC1ADDDFCB002A888B /* background_main@2x.jpg in Resources */ = {isa = PBXBuildFile; fileRef = 1B0E49DA1ADDDFCB002A888B /* background_main@2x.jpg */; };
		1B0E49DE1ADDE9D9002A888B /* actividad_1.png in Resources */ = {isa = PBXBuildFile; fileRef = 1B0E49DD1ADDE9D9002A888B /* actividad_1.png */; };
		1B0E49E81ADDE9EA002A888B /* actividad_2.png in Resources */ = {isa = PBXBuildFile; fileRef = 1B0E49DF1ADDE9EA002A888B /* actividad_2.png */; };
		1B0E49E91ADDE9EA002A888B /* actividad_3.png in Resources */ = {isa = PBXBuildFile; fileRef = 1B0E49E01ADDE9EA002A888B /* actividad_3.png */; };
		1B0E49EA1ADDE9EA002A888B /* actividades.png in Resources */ = {isa = PBXBuildFile; fileRef = 1B0E49E11ADDE9EA002A888B /* actividades.png */; };
		1B0E49EB1ADDE9EA002A888B /* capitulos.png in Resources */ = {isa = PBXBuildFile; fileRef = 1B0E49E21ADDE9EA002A888B /* capitulos.png */; };
		1B0E49EC1ADDE9EA002A888B /* celda_binaria.png in Resources */ = {isa = PBXBuildFile; fileRef = 1B0E49E31ADDE9EA002A888B /* celda_binaria.png */; };
		1B0E49ED1ADDE9EA002A888B /* Introduccion.png in Resources */ = {isa = PBXBuildFile; fileRef = 1B0E49E41ADDE9EA002A888B /* Introduccion.png */; };
		1B0E49EE1ADDE9EA002A888B /* memoria_nxm.png in Resources */ = {isa = PBXBuildFile; fileRef = 1B0E49E51ADDE9EA002A888B /* memoria_nxm.png */; };
		1B0E49F01ADDE9EA002A888B /* resumen.png in Resources */ = {isa = PBXBuildFile; fileRef = 1B0E49E71ADDE9EA002A888B /* resumen.png */; };
		1B0E49F21ADDEB72002A888B /* titulo_memoria.png in Resources */ = {isa = PBXBuildFile; fileRef = 1B0E49F11ADDEB72002A888B /* titulo_memoria.png */; };
		1B1720781AF29F7F0046C715 /* Cap01_CelBin_2.m in Sources */ = {isa = PBXBuildFile; fileRef = 1B1720751AF29F7F0046C715 /* Cap01_CelBin_2.m */; };
		1B1720791AF29F7F0046C715 /* Cap01_CelBin_3.m in Sources */ = {isa = PBXBuildFile; fileRef = 1B1720771AF29F7F0046C715 /* Cap01_CelBin_3.m */; };
		1B1720841AF29F910046C715 /* Cap01_MemRAM_2.m in Sources */ = {isa = PBXBuildFile; fileRef = 1B17207F1AF29F910046C715 /* Cap01_MemRAM_2.m */; };
		1B1720851AF29F910046C715 /* Cap01_MemRAM_NxM_2.m in Sources */ = {isa = PBXBuildFile; fileRef = 1B1720811AF29F910046C715 /* Cap01_MemRAM_NxM_2.m */; };
		1B17208A1AF29FAB0046C715 /* Cap01_SistMemoria_2.m in Sources */ = {isa = PBXBuildFile; fileRef = 1B1720871AF29FAB0046C715 /* Cap01_SistMemoria_2.m */; };
		1B17208B1AF29FAB0046C715 /* Cap01_SistMemoria_3.m in Sources */ = {isa = PBXBuildFile; fileRef = 1B1720891AF29FAB0046C715 /* Cap01_SistMemoria_3.m */; };
		1B1720911AF29FC40046C715 /* diagrama_celbin.png in Resources */ = {isa = PBXBuildFile; fileRef = 1B17208C1AF29FC40046C715 /* diagrama_celbin.png */; };
		1B1720921AF29FC40046C715 /* diagrama_nm.png in Resources */ = {isa = PBXBuildFile; fileRef = 1B17208D1AF29FC40046C715 /* diagrama_nm.png */; };
		1B1720931AF29FC40046C715 /* diagrama_ram.png in Resources */ = {isa = PBXBuildFile; fileRef = 1B17208E1AF29FC40046C715 /* diagrama_ram.png */; };
		1B1720941AF29FC40046C715 /* diagrama_sis.png in Resources */ = {isa = PBXBuildFile; fileRef = 1B17208F1AF29FC40046C715 /* diagrama_sis.png */; };
		1B1720951AF29FC40046C715 /* diagrama_sis2.png in Resources */ = {isa = PBXBuildFile; fileRef = 1B1720901AF29FC40046C715 /* diagrama_sis2.png */; };
		1B1720971AF2A0610046C715 /* btn_memoria_ram.png in Resources */ = {isa = PBXBuildFile; fileRef = 1B1720961AF2A0610046C715 /* btn_memoria_ram.png */; };
		1B17209B1AF2CE470046C715 /* Cloud1.png in Resources */ = {isa = PBXBuildFile; fileRef = 1B17209A1AF2CE470046C715 /* Cloud1.png */; };
		1B17209D1AF2D6110046C715 /* Actividad_1_new.png in Resources */ = {isa = PBXBuildFile; fileRef = 1B17209C1AF2D6110046C715 /* Actividad_1_new.png */; };
		1B1720A01AF2FD0F0046C715 /* Actividades_2.png in Resources */ = {isa = PBXBuildFile; fileRef = 1B17209E1AF2FD0F0046C715 /* Actividades_2.png */; };
		1B1720A11AF2FD0F0046C715 /* Capitulos_2.png in Resources */ = {isa = PBXBuildFile; fileRef = 1B17209F1AF2FD0F0046C715 /* Capitulos_2.png */; };
		1B1720A31AF302210046C715 /* Act_1_ins.png in Resources */ = {isa = PBXBuildFile; fileRef = 1B1720A21AF302210046C715 /* Act_1_ins.png */; };
		1B462BA81AE8604C00F600F0 /* Actividad_01.m in Sources */ = {isa = PBXBuildFile; fileRef = 1B462BA71AE8604C00F600F0 /* Actividad_01.m */; };
		1B462BAA1AE8621400F600F0 /* Actividad1.png in Resources */ = {isa = PBXBuildFile; fileRef = 1B462BA91AE8621400F600F0 /* Actividad1.png */; };
		1B462BB81AE871AC00F600F0 /* memoria_box.png in Resources */ = {isa = PBXBuildFile; fileRef = 1B462BB61AE871AC00F600F0 /* memoria_box.png */; };
		1B462BB91AE871AC00F600F0 /* Memoria.png in Resources */ = {isa = PBXBuildFile; fileRef = 1B462BB71AE871AC00F600F0 /* Memoria.png */; };
		1B462BBB1AE8732F00F600F0 /* memoria_act1.png in Resources */ = {isa = PBXBuildFile; fileRef = 1B462BBA1AE8732F00F600F0 /* memoria_act1.png */; };
		1B462BBD1AE87DFB00F600F0 /* CoreGraphics.framework in Frameworks */ = {isa = PBXBuildFile; fileRef = 1B462BBC1AE87DFB00F600F0 /* CoreGraphics.framework */; };
		1B462BBF1AE87E0400F600F0 /* UIKit.framework in Frameworks */ = {isa = PBXBuildFile; fileRef = 1B462BBE1AE87E0400F600F0 /* UIKit.framework */; };
		1B462BC11AE87E0C00F600F0 /* SpriteKit.framework in Frameworks */ = {isa = PBXBuildFile; fileRef = 1B462BC01AE87E0C00F600F0 /* SpriteKit.framework */; };
		1B462BC31AE87E1500F600F0 /* Foundation.framework in Frameworks */ = {isa = PBXBuildFile; fileRef = 1B462BC21AE87E1500F600F0 /* Foundation.framework */; };
		1B462BD01AE87E7900F600F0 /* SKAction+SKTExtras.m in Sources */ = {isa = PBXBuildFile; fileRef = 1B462BC71AE87E7900F600F0 /* SKAction+SKTExtras.m */; };
		1B462BD11AE87E7900F600F0 /* SKEmitterNode+SKTExtras.m in Sources */ = {isa = PBXBuildFile; fileRef = 1B462BC91AE87E7900F600F0 /* SKEmitterNode+SKTExtras.m */; };
		1B462BD21AE87E7900F600F0 /* SKNode+SKTExtras.m in Sources */ = {isa = PBXBuildFile; fileRef = 1B462BCB1AE87E7900F600F0 /* SKNode+SKTExtras.m */; };
		1B462BD31AE87E7900F600F0 /* SKTAudio.m in Sources */ = {isa = PBXBuildFile; fileRef = 1B462BCD1AE87E7900F600F0 /* SKTAudio.m */; };
		1B462BD41AE87E7900F600F0 /* SKTUtils.mm in Sources */ = {isa = PBXBuildFile; fileRef = 1B462BCF1AE87E7900F600F0 /* SKTUtils.mm */; };
		1B4632BF1ADF36B80012ABEB /* Cap01_Intro.m in Sources */ = {isa = PBXBuildFile; fileRef = 1B4632BE1ADF36B80012ABEB /* Cap01_Intro.m */; };
		1B4632C61ADF37520012ABEB /* Cap01_MemRAM.m in Sources */ = {isa = PBXBuildFile; fileRef = 1B4632C51ADF37520012ABEB /* Cap01_MemRAM.m */; };
		1B4632C91ADF376F0012ABEB /* Cap01_CelBin.m in Sources */ = {isa = PBXBuildFile; fileRef = 1B4632C81ADF376F0012ABEB /* Cap01_CelBin.m */; };
		1B4632CC1ADF37E30012ABEB /* Cap01_MemRAM_NxM.m in Sources */ = {isa = PBXBuildFile; fileRef = 1B4632CB1ADF37E30012ABEB /* Cap01_MemRAM_NxM.m */; };
		1B4632CF1ADF38010012ABEB /* Cap01_SistMemoria.m in Sources */ = {isa = PBXBuildFile; fileRef = 1B4632CE1ADF38010012ABEB /* Cap01_SistMemoria.m */; };
		1B4632D21ADF38260012ABEB /* Cap01_Resumen.m in Sources */ = {isa = PBXBuildFile; fileRef = 1B4632D11ADF38260012ABEB /* Cap01_Resumen.m */; };
		1B62C8C71AF311C70017DAE8 /* BusDireccionIns.png in Resources */ = {isa = PBXBuildFile; fileRef = 1B62C8C61AF311C70017DAE8 /* BusDireccionIns.png */; };
		1B62C8CD1AF328A10017DAE8 /* background_2.png in Resources */ = {isa = PBXBuildFile; fileRef = 1B62C8CC1AF328A10017DAE8 /* background_2.png */; };
		1B62C8CF1AF329900017DAE8 /* start_2.png in Resources */ = {isa = PBXBuildFile; fileRef = 1B62C8CE1AF329900017DAE8 /* start_2.png */; };
		1B62C8D41AF32B200017DAE8 /* Actividad_1_blue.png in Resources */ = {isa = PBXBuildFile; fileRef = 1B62C8D01AF32B200017DAE8 /* Actividad_1_blue.png */; };
		1B62C8D51AF32B200017DAE8 /* Actividad_2_blue.png in Resources */ = {isa = PBXBuildFile; fileRef = 1B62C8D11AF32B200017DAE8 /* Actividad_2_blue.png */; };
		1B62C8D61AF32B200017DAE8 /* Actividad_3_blue.png in Resources */ = {isa = PBXBuildFile; fileRef = 1B62C8D21AF32B200017DAE8 /* Actividad_3_blue.png */; };
		1B62C8D71AF32B200017DAE8 /* quizz.png in Resources */ = {isa = PBXBuildFile; fileRef = 1B62C8D31AF32B200017DAE8 /* quizz.png */; };
		1B62C8DA1AF32BD30017DAE8 /* Actividad_03.m in Sources */ = {isa = PBXBuildFile; fileRef = 1B62C8D91AF32BD30017DAE8 /* Actividad_03.m */; };
		1B62C8DD1AF32BE30017DAE8 /* Quizz.m in Sources */ = {isa = PBXBuildFile; fileRef = 1B62C8DC1AF32BE30017DAE8 /* Quizz.m */; };
		1B62C8DF1AF32CD60017DAE8 /* Act_2_ins.png in Resources */ = {isa = PBXBuildFile; fileRef = 1B62C8DE1AF32CD60017DAE8 /* Act_2_ins.png */; };
		1B62C8E11AF32EEA0017DAE8 /* Actividad2.png in Resources */ = {isa = PBXBuildFile; fileRef = 1B62C8E01AF32EEA0017DAE8 /* Actividad2.png */; };
		1B7FC93A1AE944B30047AE3F /* actividad_1_linas.png in Resources */ = {isa = PBXBuildFile; fileRef = 1B7FC9391AE944B30047AE3F /* actividad_1_linas.png */; };
		1B86B9E71ADF20DA00782F2F /* Capitulos.m in Sources */ = {isa = PBXBuildFile; fileRef = 1B86B9E61ADF20DA00782F2F /* Capitulos.m */; };
		1B86B9EA1ADF20FA00782F2F /* Actividades.m in Sources */ = {isa = PBXBuildFile; fileRef = 1B86B9E91ADF20FA00782F2F /* Actividades.m */; };
		1B86B9F41ADF280E00782F2F /* button_left.png in Resources */ = {isa = PBXBuildFile; fileRef = 1B86B9EC1ADF280E00782F2F /* button_left.png */; };
		1B86B9F51ADF280E00782F2F /* button_left@2x.png in Resources */ = {isa = PBXBuildFile; fileRef = 1B86B9ED1ADF280E00782F2F /* button_left@2x.png */; };
		1B86B9F61ADF280E00782F2F /* button_right.png in Resources */ = {isa = PBXBuildFile; fileRef = 1B86B9EE1ADF280E00782F2F /* button_right.png */; };
		1B86B9F71ADF280E00782F2F /* button_right@2x.png in Resources */ = {isa = PBXBuildFile; fileRef = 1B86B9EF1ADF280E00782F2F /* button_right@2x.png */; };
		1B86B9F81ADF280E00782F2F /* footer.png in Resources */ = {isa = PBXBuildFile; fileRef = 1B86B9F01ADF280E00782F2F /* footer.png */; };
		1B86B9F91ADF280E00782F2F /* footer@2x.png in Resources */ = {isa = PBXBuildFile; fileRef = 1B86B9F11ADF280E00782F2F /* footer@2x.png */; };
		1B86B9FA1ADF280E00782F2F /* start.png in Resources */ = {isa = PBXBuildFile; fileRef = 1B86B9F21ADF280E00782F2F /* start.png */; };
		1B86B9FB1ADF280E00782F2F /* start@2x.png in Resources */ = {isa = PBXBuildFile; fileRef = 1B86B9F31ADF280E00782F2F /* start@2x.png */; };
		1B86B9FE1ADF2AF700782F2F /* background_main.png in Resources */ = {isa = PBXBuildFile; fileRef = 1B86B9FC1ADF2AF700782F2F /* background_main.png */; };
		1B86B9FF1ADF2AF700782F2F /* background_main@2x.png in Resources */ = {isa = PBXBuildFile; fileRef = 1B86B9FD1ADF2AF700782F2F /* background_main@2x.png */; };
		1B94BCBC1AF18D9400622D75 /* Lineas2-4.png in Resources */ = {isa = PBXBuildFile; fileRef = 1B94BCBA1AF18D9400622D75 /* Lineas2-4.png */; };
		1B94BCBD1AF18D9400622D75 /* Lineas3-8.png in Resources */ = {isa = PBXBuildFile; fileRef = 1B94BCBB1AF18D9400622D75 /* Lineas3-8.png */; };
		1B94BCC01AF1905900622D75 /* decoder-2x4.png in Resources */ = {isa = PBXBuildFile; fileRef = 1B94BCBE1AF1905900622D75 /* decoder-2x4.png */; };
		1B94BCC11AF1905900622D75 /* decoder-3x8.png in Resources */ = {isa = PBXBuildFile; fileRef = 1B94BCBF1AF1905900622D75 /* decoder-3x8.png */; };
		1B94BCC31AF193A700622D75 /* boxMemory.png in Resources */ = {isa = PBXBuildFile; fileRef = 1B94BCC21AF193A700622D75 /* boxMemory.png */; };
		1BE0278C1AE9E3A700EE3500 /* Actividad_02.m in Sources */ = {isa = PBXBuildFile; fileRef = 1BE0278B1AE9E3A700EE3500 /* Actividad_02.m */; };
		F0205C391ADF24EF00F56196 /* sistema_memoria.png in Resources */ = {isa = PBXBuildFile; fileRef = F0205C381ADF24EF00F56196 /* sistema_memoria.png */; };
		F0DCBC601AF4269D00E5CDA1 /* Quiz.plist in Resources */ = {isa = PBXBuildFile; fileRef = F0DCBC5F1AF4269D00E5CDA1 /* Quiz.plist */; };
		F0DCBC631AF4437F00E5CDA1 /* Pregunta_2.m in Sources */ = {isa = PBXBuildFile; fileRef = F0DCBC621AF4437F00E5CDA1 /* Pregunta_2.m */; };
		F0DCBC661AF445AD00E5CDA1 /* Pregunta_3.m in Sources */ = {isa = PBXBuildFile; fileRef = F0DCBC651AF445AD00E5CDA1 /* Pregunta_3.m */; };
		F0DCBC691AF4462000E5CDA1 /* Pregunta_4.m in Sources */ = {isa = PBXBuildFile; fileRef = F0DCBC681AF4462000E5CDA1 /* Pregunta_4.m */; };
		F0DCBC6C1AF4466600E5CDA1 /* Resultado_Quiz.m in Sources */ = {isa = PBXBuildFile; fileRef = F0DCBC6B1AF4466600E5CDA1 /* Resultado_Quiz.m */; };
/* End PBXBuildFile section */

/* Begin PBXContainerItemProxy section */
		1B0E49C51ADDDF92002A888B /* PBXContainerItemProxy */ = {
			isa = PBXContainerItemProxy;
			containerPortal = 1B0E499E1ADDDF92002A888B /* Project object */;
			proxyType = 1;
			remoteGlobalIDString = 1B0E49A51ADDDF92002A888B;
			remoteInfo = "Memoria-Visualizacion";
		};
/* End PBXContainerItemProxy section */

/* Begin PBXFileReference section */
		1B0E49A61ADDDF92002A888B /* Memoria-Visualizacion.app */ = {isa = PBXFileReference; explicitFileType = wrapper.application; includeInIndex = 0; path = "Memoria-Visualizacion.app"; sourceTree = BUILT_PRODUCTS_DIR; };
		1B0E49AA1ADDDF92002A888B /* Info.plist */ = {isa = PBXFileReference; lastKnownFileType = text.plist.xml; path = Info.plist; sourceTree = "<group>"; };
		1B0E49AB1ADDDF92002A888B /* main.m */ = {isa = PBXFileReference; lastKnownFileType = sourcecode.c.objc; path = main.m; sourceTree = "<group>"; };
		1B0E49AD1ADDDF92002A888B /* AppDelegate.h */ = {isa = PBXFileReference; lastKnownFileType = sourcecode.c.h; path = AppDelegate.h; sourceTree = "<group>"; };
		1B0E49AE1ADDDF92002A888B /* AppDelegate.m */ = {isa = PBXFileReference; lastKnownFileType = sourcecode.c.objc; path = AppDelegate.m; sourceTree = "<group>"; };
		1B0E49B01ADDDF92002A888B /* GameScene.h */ = {isa = PBXFileReference; lastKnownFileType = sourcecode.c.h; path = GameScene.h; sourceTree = "<group>"; };
		1B0E49B11ADDDF92002A888B /* GameScene.m */ = {isa = PBXFileReference; lastKnownFileType = sourcecode.c.objc; path = GameScene.m; sourceTree = "<group>"; };
		1B0E49B31ADDDF92002A888B /* GameScene.sks */ = {isa = PBXFileReference; lastKnownFileType = file.sks; path = GameScene.sks; sourceTree = "<group>"; };
		1B0E49B51ADDDF92002A888B /* GameViewController.h */ = {isa = PBXFileReference; lastKnownFileType = sourcecode.c.h; path = GameViewController.h; sourceTree = "<group>"; };
		1B0E49B61ADDDF92002A888B /* GameViewController.m */ = {isa = PBXFileReference; lastKnownFileType = sourcecode.c.objc; path = GameViewController.m; sourceTree = "<group>"; };
		1B0E49B91ADDDF92002A888B /* Base */ = {isa = PBXFileReference; lastKnownFileType = file.storyboard; name = Base; path = Base.lproj/Main.storyboard; sourceTree = "<group>"; };
		1B0E49BB1ADDDF92002A888B /* Images.xcassets */ = {isa = PBXFileReference; lastKnownFileType = folder.assetcatalog; path = Images.xcassets; sourceTree = "<group>"; };
		1B0E49BE1ADDDF92002A888B /* Base */ = {isa = PBXFileReference; lastKnownFileType = file.xib; name = Base; path = Base.lproj/LaunchScreen.xib; sourceTree = "<group>"; };
		1B0E49C41ADDDF92002A888B /* Memoria-VisualizacionTests.xctest */ = {isa = PBXFileReference; explicitFileType = wrapper.cfbundle; includeInIndex = 0; path = "Memoria-VisualizacionTests.xctest"; sourceTree = BUILT_PRODUCTS_DIR; };
		1B0E49C91ADDDF92002A888B /* Info.plist */ = {isa = PBXFileReference; lastKnownFileType = text.plist.xml; path = Info.plist; sourceTree = "<group>"; };
		1B0E49CA1ADDDF92002A888B /* Memoria_VisualizacionTests.m */ = {isa = PBXFileReference; lastKnownFileType = sourcecode.c.objc; path = Memoria_VisualizacionTests.m; sourceTree = "<group>"; };
		1B0E49D51ADDDFB0002A888B /* Scene00.m */ = {isa = PBXFileReference; fileEncoding = 4; lastKnownFileType = sourcecode.c.objc; path = Scene00.m; sourceTree = "<group>"; };
		1B0E49D61ADDDFB0002A888B /* Scene00.h */ = {isa = PBXFileReference; fileEncoding = 4; lastKnownFileType = sourcecode.c.h; path = Scene00.h; sourceTree = "<group>"; };
		1B0E49D91ADDDFCB002A888B /* background_main.jpg */ = {isa = PBXFileReference; lastKnownFileType = image.jpeg; path = background_main.jpg; sourceTree = "<group>"; };
		1B0E49DA1ADDDFCB002A888B /* background_main@2x.jpg */ = {isa = PBXFileReference; lastKnownFileType = image.jpeg; path = "background_main@2x.jpg"; sourceTree = "<group>"; };
		1B0E49DD1ADDE9D9002A888B /* actividad_1.png */ = {isa = PBXFileReference; lastKnownFileType = image.png; name = actividad_1.png; path = botones/actividad_1.png; sourceTree = "<group>"; };
		1B0E49DF1ADDE9EA002A888B /* actividad_2.png */ = {isa = PBXFileReference; lastKnownFileType = image.png; name = actividad_2.png; path = botones/actividad_2.png; sourceTree = "<group>"; };
		1B0E49E01ADDE9EA002A888B /* actividad_3.png */ = {isa = PBXFileReference; lastKnownFileType = image.png; name = actividad_3.png; path = botones/actividad_3.png; sourceTree = "<group>"; };
		1B0E49E11ADDE9EA002A888B /* actividades.png */ = {isa = PBXFileReference; lastKnownFileType = image.png; name = actividades.png; path = botones/actividades.png; sourceTree = "<group>"; };
		1B0E49E21ADDE9EA002A888B /* capitulos.png */ = {isa = PBXFileReference; lastKnownFileType = image.png; name = capitulos.png; path = botones/capitulos.png; sourceTree = "<group>"; };
		1B0E49E31ADDE9EA002A888B /* celda_binaria.png */ = {isa = PBXFileReference; lastKnownFileType = image.png; name = celda_binaria.png; path = botones/celda_binaria.png; sourceTree = "<group>"; };
		1B0E49E41ADDE9EA002A888B /* Introduccion.png */ = {isa = PBXFileReference; lastKnownFileType = image.png; name = Introduccion.png; path = botones/Introduccion.png; sourceTree = "<group>"; };
		1B0E49E51ADDE9EA002A888B /* memoria_nxm.png */ = {isa = PBXFileReference; lastKnownFileType = image.png; name = memoria_nxm.png; path = botones/memoria_nxm.png; sourceTree = "<group>"; };
		1B0E49E71ADDE9EA002A888B /* resumen.png */ = {isa = PBXFileReference; lastKnownFileType = image.png; name = resumen.png; path = botones/resumen.png; sourceTree = "<group>"; };
		1B0E49F11ADDEB72002A888B /* titulo_memoria.png */ = {isa = PBXFileReference; lastKnownFileType = image.png; path = titulo_memoria.png; sourceTree = "<group>"; };
		1B1720741AF29F7F0046C715 /* Cap01_CelBin_2.h */ = {isa = PBXFileReference; fileEncoding = 4; lastKnownFileType = sourcecode.c.h; path = Cap01_CelBin_2.h; sourceTree = "<group>"; };
		1B1720751AF29F7F0046C715 /* Cap01_CelBin_2.m */ = {isa = PBXFileReference; fileEncoding = 4; lastKnownFileType = sourcecode.c.objc; path = Cap01_CelBin_2.m; sourceTree = "<group>"; };
		1B1720761AF29F7F0046C715 /* Cap01_CelBin_3.h */ = {isa = PBXFileReference; fileEncoding = 4; lastKnownFileType = sourcecode.c.h; path = Cap01_CelBin_3.h; sourceTree = "<group>"; };
		1B1720771AF29F7F0046C715 /* Cap01_CelBin_3.m */ = {isa = PBXFileReference; fileEncoding = 4; lastKnownFileType = sourcecode.c.objc; path = Cap01_CelBin_3.m; sourceTree = "<group>"; };
		1B17207E1AF29F910046C715 /* Cap01_MemRAM_2.h */ = {isa = PBXFileReference; fileEncoding = 4; lastKnownFileType = sourcecode.c.h; path = Cap01_MemRAM_2.h; sourceTree = "<group>"; };
		1B17207F1AF29F910046C715 /* Cap01_MemRAM_2.m */ = {isa = PBXFileReference; fileEncoding = 4; lastKnownFileType = sourcecode.c.objc; path = Cap01_MemRAM_2.m; sourceTree = "<group>"; };
		1B1720801AF29F910046C715 /* Cap01_MemRAM_NxM_2.h */ = {isa = PBXFileReference; fileEncoding = 4; lastKnownFileType = sourcecode.c.h; path = Cap01_MemRAM_NxM_2.h; sourceTree = "<group>"; };
		1B1720811AF29F910046C715 /* Cap01_MemRAM_NxM_2.m */ = {isa = PBXFileReference; fileEncoding = 4; lastKnownFileType = sourcecode.c.objc; path = Cap01_MemRAM_NxM_2.m; sourceTree = "<group>"; };
		1B1720861AF29FAB0046C715 /* Cap01_SistMemoria_2.h */ = {isa = PBXFileReference; fileEncoding = 4; lastKnownFileType = sourcecode.c.h; path = Cap01_SistMemoria_2.h; sourceTree = "<group>"; };
		1B1720871AF29FAB0046C715 /* Cap01_SistMemoria_2.m */ = {isa = PBXFileReference; fileEncoding = 4; lastKnownFileType = sourcecode.c.objc; path = Cap01_SistMemoria_2.m; sourceTree = "<group>"; };
		1B1720881AF29FAB0046C715 /* Cap01_SistMemoria_3.h */ = {isa = PBXFileReference; fileEncoding = 4; lastKnownFileType = sourcecode.c.h; path = Cap01_SistMemoria_3.h; sourceTree = "<group>"; };
		1B1720891AF29FAB0046C715 /* Cap01_SistMemoria_3.m */ = {isa = PBXFileReference; fileEncoding = 4; lastKnownFileType = sourcecode.c.objc; path = Cap01_SistMemoria_3.m; sourceTree = "<group>"; };
		1B17208C1AF29FC40046C715 /* diagrama_celbin.png */ = {isa = PBXFileReference; lastKnownFileType = image.png; path = diagrama_celbin.png; sourceTree = "<group>"; };
		1B17208D1AF29FC40046C715 /* diagrama_nm.png */ = {isa = PBXFileReference; lastKnownFileType = image.png; path = diagrama_nm.png; sourceTree = "<group>"; };
		1B17208E1AF29FC40046C715 /* diagrama_ram.png */ = {isa = PBXFileReference; lastKnownFileType = image.png; path = diagrama_ram.png; sourceTree = "<group>"; };
		1B17208F1AF29FC40046C715 /* diagrama_sis.png */ = {isa = PBXFileReference; lastKnownFileType = image.png; path = diagrama_sis.png; sourceTree = "<group>"; };
		1B1720901AF29FC40046C715 /* diagrama_sis2.png */ = {isa = PBXFileReference; lastKnownFileType = image.png; path = diagrama_sis2.png; sourceTree = "<group>"; };
		1B1720961AF2A0610046C715 /* btn_memoria_ram.png */ = {isa = PBXFileReference; lastKnownFileType = image.png; name = btn_memoria_ram.png; path = botones/btn_memoria_ram.png; sourceTree = "<group>"; };
		1B17209A1AF2CE470046C715 /* Cloud1.png */ = {isa = PBXFileReference; lastKnownFileType = image.png; path = Cloud1.png; sourceTree = "<group>"; };
		1B17209C1AF2D6110046C715 /* Actividad_1_new.png */ = {isa = PBXFileReference; lastKnownFileType = image.png; path = Actividad_1_new.png; sourceTree = "<group>"; };
		1B17209E1AF2FD0F0046C715 /* Actividades_2.png */ = {isa = PBXFileReference; lastKnownFileType = image.png; path = Actividades_2.png; sourceTree = "<group>"; };
		1B17209F1AF2FD0F0046C715 /* Capitulos_2.png */ = {isa = PBXFileReference; lastKnownFileType = image.png; path = Capitulos_2.png; sourceTree = "<group>"; };
		1B1720A21AF302210046C715 /* Act_1_ins.png */ = {isa = PBXFileReference; lastKnownFileType = image.png; path = Act_1_ins.png; sourceTree = "<group>"; };
		1B462BA61AE8604C00F600F0 /* Actividad_01.h */ = {isa = PBXFileReference; fileEncoding = 4; lastKnownFileType = sourcecode.c.h; path = Actividad_01.h; sourceTree = "<group>"; };
		1B462BA71AE8604C00F600F0 /* Actividad_01.m */ = {isa = PBXFileReference; fileEncoding = 4; lastKnownFileType = sourcecode.c.objc; path = Actividad_01.m; sourceTree = "<group>"; };
		1B462BA91AE8621400F600F0 /* Actividad1.png */ = {isa = PBXFileReference; lastKnownFileType = image.png; path = Actividad1.png; sourceTree = "<group>"; };
		1B462BB61AE871AC00F600F0 /* memoria_box.png */ = {isa = PBXFileReference; lastKnownFileType = image.png; path = memoria_box.png; sourceTree = "<group>"; };
		1B462BB71AE871AC00F600F0 /* Memoria.png */ = {isa = PBXFileReference; lastKnownFileType = image.png; path = Memoria.png; sourceTree = "<group>"; };
		1B462BBA1AE8732F00F600F0 /* memoria_act1.png */ = {isa = PBXFileReference; lastKnownFileType = image.png; path = memoria_act1.png; sourceTree = "<group>"; };
		1B462BBC1AE87DFB00F600F0 /* CoreGraphics.framework */ = {isa = PBXFileReference; lastKnownFileType = wrapper.framework; name = CoreGraphics.framework; path = System/Library/Frameworks/CoreGraphics.framework; sourceTree = SDKROOT; };
		1B462BBE1AE87E0400F600F0 /* UIKit.framework */ = {isa = PBXFileReference; lastKnownFileType = wrapper.framework; name = UIKit.framework; path = System/Library/Frameworks/UIKit.framework; sourceTree = SDKROOT; };
		1B462BC01AE87E0C00F600F0 /* SpriteKit.framework */ = {isa = PBXFileReference; lastKnownFileType = wrapper.framework; name = SpriteKit.framework; path = System/Library/Frameworks/SpriteKit.framework; sourceTree = SDKROOT; };
		1B462BC21AE87E1500F600F0 /* Foundation.framework */ = {isa = PBXFileReference; lastKnownFileType = wrapper.framework; name = Foundation.framework; path = System/Library/Frameworks/Foundation.framework; sourceTree = SDKROOT; };
		1B462BC61AE87E7900F600F0 /* SKAction+SKTExtras.h */ = {isa = PBXFileReference; fileEncoding = 4; lastKnownFileType = sourcecode.c.h; path = "SKAction+SKTExtras.h"; sourceTree = "<group>"; };
		1B462BC71AE87E7900F600F0 /* SKAction+SKTExtras.m */ = {isa = PBXFileReference; fileEncoding = 4; lastKnownFileType = sourcecode.c.objc; path = "SKAction+SKTExtras.m"; sourceTree = "<group>"; };
		1B462BC81AE87E7900F600F0 /* SKEmitterNode+SKTExtras.h */ = {isa = PBXFileReference; fileEncoding = 4; lastKnownFileType = sourcecode.c.h; path = "SKEmitterNode+SKTExtras.h"; sourceTree = "<group>"; };
		1B462BC91AE87E7900F600F0 /* SKEmitterNode+SKTExtras.m */ = {isa = PBXFileReference; fileEncoding = 4; lastKnownFileType = sourcecode.c.objc; path = "SKEmitterNode+SKTExtras.m"; sourceTree = "<group>"; };
		1B462BCA1AE87E7900F600F0 /* SKNode+SKTExtras.h */ = {isa = PBXFileReference; fileEncoding = 4; lastKnownFileType = sourcecode.c.h; path = "SKNode+SKTExtras.h"; sourceTree = "<group>"; };
		1B462BCB1AE87E7900F600F0 /* SKNode+SKTExtras.m */ = {isa = PBXFileReference; fileEncoding = 4; lastKnownFileType = sourcecode.c.objc; path = "SKNode+SKTExtras.m"; sourceTree = "<group>"; };
		1B462BCC1AE87E7900F600F0 /* SKTAudio.h */ = {isa = PBXFileReference; fileEncoding = 4; lastKnownFileType = sourcecode.c.h; path = SKTAudio.h; sourceTree = "<group>"; };
		1B462BCD1AE87E7900F600F0 /* SKTAudio.m */ = {isa = PBXFileReference; fileEncoding = 4; lastKnownFileType = sourcecode.c.objc; path = SKTAudio.m; sourceTree = "<group>"; };
		1B462BCE1AE87E7900F600F0 /* SKTUtils.h */ = {isa = PBXFileReference; fileEncoding = 4; lastKnownFileType = sourcecode.c.h; path = SKTUtils.h; sourceTree = "<group>"; };
		1B462BCF1AE87E7900F600F0 /* SKTUtils.mm */ = {isa = PBXFileReference; fileEncoding = 4; lastKnownFileType = sourcecode.cpp.objcpp; path = SKTUtils.mm; sourceTree = "<group>"; };
		1B4632BE1ADF36B80012ABEB /* Cap01_Intro.m */ = {isa = PBXFileReference; fileEncoding = 4; lastKnownFileType = sourcecode.c.objc; path = Cap01_Intro.m; sourceTree = "<group>"; };
		1B4632C01ADF36C60012ABEB /* Cap01_Intro.h */ = {isa = PBXFileReference; lastKnownFileType = sourcecode.c.h; path = Cap01_Intro.h; sourceTree = "<group>"; };
		1B4632C41ADF37520012ABEB /* Cap01_MemRAM.h */ = {isa = PBXFileReference; fileEncoding = 4; lastKnownFileType = sourcecode.c.h; path = Cap01_MemRAM.h; sourceTree = "<group>"; };
		1B4632C51ADF37520012ABEB /* Cap01_MemRAM.m */ = {isa = PBXFileReference; fileEncoding = 4; lastKnownFileType = sourcecode.c.objc; path = Cap01_MemRAM.m; sourceTree = "<group>"; };
		1B4632C71ADF376F0012ABEB /* Cap01_CelBin.h */ = {isa = PBXFileReference; fileEncoding = 4; lastKnownFileType = sourcecode.c.h; path = Cap01_CelBin.h; sourceTree = "<group>"; };
		1B4632C81ADF376F0012ABEB /* Cap01_CelBin.m */ = {isa = PBXFileReference; fileEncoding = 4; lastKnownFileType = sourcecode.c.objc; path = Cap01_CelBin.m; sourceTree = "<group>"; };
		1B4632CA1ADF37E30012ABEB /* Cap01_MemRAM_NxM.h */ = {isa = PBXFileReference; fileEncoding = 4; lastKnownFileType = sourcecode.c.h; path = Cap01_MemRAM_NxM.h; sourceTree = "<group>"; };
		1B4632CB1ADF37E30012ABEB /* Cap01_MemRAM_NxM.m */ = {isa = PBXFileReference; fileEncoding = 4; lastKnownFileType = sourcecode.c.objc; path = Cap01_MemRAM_NxM.m; sourceTree = "<group>"; };
		1B4632CD1ADF38010012ABEB /* Cap01_SistMemoria.h */ = {isa = PBXFileReference; fileEncoding = 4; lastKnownFileType = sourcecode.c.h; path = Cap01_SistMemoria.h; sourceTree = "<group>"; };
		1B4632CE1ADF38010012ABEB /* Cap01_SistMemoria.m */ = {isa = PBXFileReference; fileEncoding = 4; lastKnownFileType = sourcecode.c.objc; path = Cap01_SistMemoria.m; sourceTree = "<group>"; };
		1B4632D01ADF38260012ABEB /* Cap01_Resumen.h */ = {isa = PBXFileReference; fileEncoding = 4; lastKnownFileType = sourcecode.c.h; path = Cap01_Resumen.h; sourceTree = "<group>"; };
		1B4632D11ADF38260012ABEB /* Cap01_Resumen.m */ = {isa = PBXFileReference; fileEncoding = 4; lastKnownFileType = sourcecode.c.objc; path = Cap01_Resumen.m; sourceTree = "<group>"; };
		1B62C8C61AF311C70017DAE8 /* BusDireccionIns.png */ = {isa = PBXFileReference; lastKnownFileType = image.png; path = BusDireccionIns.png; sourceTree = "<group>"; };
		1B62C8CC1AF328A10017DAE8 /* background_2.png */ = {isa = PBXFileReference; lastKnownFileType = image.png; path = background_2.png; sourceTree = "<group>"; };
		1B62C8CE1AF329900017DAE8 /* start_2.png */ = {isa = PBXFileReference; lastKnownFileType = image.png; path = start_2.png; sourceTree = "<group>"; };
		1B62C8D01AF32B200017DAE8 /* Actividad_1_blue.png */ = {isa = PBXFileReference; lastKnownFileType = image.png; path = Actividad_1_blue.png; sourceTree = "<group>"; };
		1B62C8D11AF32B200017DAE8 /* Actividad_2_blue.png */ = {isa = PBXFileReference; lastKnownFileType = image.png; path = Actividad_2_blue.png; sourceTree = "<group>"; };
		1B62C8D21AF32B200017DAE8 /* Actividad_3_blue.png */ = {isa = PBXFileReference; lastKnownFileType = image.png; path = Actividad_3_blue.png; sourceTree = "<group>"; };
		1B62C8D31AF32B200017DAE8 /* quizz.png */ = {isa = PBXFileReference; lastKnownFileType = image.png; path = quizz.png; sourceTree = "<group>"; };
		1B62C8D81AF32BD30017DAE8 /* Actividad_03.h */ = {isa = PBXFileReference; fileEncoding = 4; lastKnownFileType = sourcecode.c.h; path = Actividad_03.h; sourceTree = "<group>"; };
		1B62C8D91AF32BD30017DAE8 /* Actividad_03.m */ = {isa = PBXFileReference; fileEncoding = 4; lastKnownFileType = sourcecode.c.objc; path = Actividad_03.m; sourceTree = "<group>"; };
		1B62C8DB1AF32BE30017DAE8 /* Quizz.h */ = {isa = PBXFileReference; fileEncoding = 4; lastKnownFileType = sourcecode.c.h; path = Quizz.h; sourceTree = "<group>"; };
		1B62C8DC1AF32BE30017DAE8 /* Quizz.m */ = {isa = PBXFileReference; fileEncoding = 4; lastKnownFileType = sourcecode.c.objc; path = Quizz.m; sourceTree = "<group>"; };
		1B62C8DE1AF32CD60017DAE8 /* Act_2_ins.png */ = {isa = PBXFileReference; lastKnownFileType = image.png; path = Act_2_ins.png; sourceTree = "<group>"; };
		1B62C8E01AF32EEA0017DAE8 /* Actividad2.png */ = {isa = PBXFileReference; lastKnownFileType = image.png; path = Actividad2.png; sourceTree = "<group>"; };
		1B7FC9391AE944B30047AE3F /* actividad_1_linas.png */ = {isa = PBXFileReference; lastKnownFileType = image.png; path = actividad_1_linas.png; sourceTree = "<group>"; };
		1B86B9E61ADF20DA00782F2F /* Capitulos.m */ = {isa = PBXFileReference; fileEncoding = 4; lastKnownFileType = sourcecode.c.objc; path = Capitulos.m; sourceTree = "<group>"; };
		1B86B9E81ADF20E600782F2F /* Capitulos.h */ = {isa = PBXFileReference; lastKnownFileType = sourcecode.c.h; path = Capitulos.h; sourceTree = "<group>"; };
		1B86B9E91ADF20FA00782F2F /* Actividades.m */ = {isa = PBXFileReference; fileEncoding = 4; lastKnownFileType = sourcecode.c.objc; path = Actividades.m; sourceTree = "<group>"; };
		1B86B9EB1ADF210900782F2F /* Actividades.h */ = {isa = PBXFileReference; lastKnownFileType = sourcecode.c.h; path = Actividades.h; sourceTree = "<group>"; };
		1B86B9EC1ADF280E00782F2F /* button_left.png */ = {isa = PBXFileReference; lastKnownFileType = image.png; path = button_left.png; sourceTree = "<group>"; };
		1B86B9ED1ADF280E00782F2F /* button_left@2x.png */ = {isa = PBXFileReference; lastKnownFileType = image.png; path = "button_left@2x.png"; sourceTree = "<group>"; };
		1B86B9EE1ADF280E00782F2F /* button_right.png */ = {isa = PBXFileReference; lastKnownFileType = image.png; path = button_right.png; sourceTree = "<group>"; };
		1B86B9EF1ADF280E00782F2F /* button_right@2x.png */ = {isa = PBXFileReference; lastKnownFileType = image.png; path = "button_right@2x.png"; sourceTree = "<group>"; };
		1B86B9F01ADF280E00782F2F /* footer.png */ = {isa = PBXFileReference; lastKnownFileType = image.png; path = footer.png; sourceTree = "<group>"; };
		1B86B9F11ADF280E00782F2F /* footer@2x.png */ = {isa = PBXFileReference; lastKnownFileType = image.png; path = "footer@2x.png"; sourceTree = "<group>"; };
		1B86B9F21ADF280E00782F2F /* start.png */ = {isa = PBXFileReference; lastKnownFileType = image.png; path = start.png; sourceTree = "<group>"; };
		1B86B9F31ADF280E00782F2F /* start@2x.png */ = {isa = PBXFileReference; lastKnownFileType = image.png; path = "start@2x.png"; sourceTree = "<group>"; };
		1B86B9FC1ADF2AF700782F2F /* background_main.png */ = {isa = PBXFileReference; lastKnownFileType = image.png; path = background_main.png; sourceTree = "<group>"; };
		1B86B9FD1ADF2AF700782F2F /* background_main@2x.png */ = {isa = PBXFileReference; lastKnownFileType = image.png; path = "background_main@2x.png"; sourceTree = "<group>"; };
		1B94BCBA1AF18D9400622D75 /* Lineas2-4.png */ = {isa = PBXFileReference; lastKnownFileType = image.png; path = "Lineas2-4.png"; sourceTree = "<group>"; };
		1B94BCBB1AF18D9400622D75 /* Lineas3-8.png */ = {isa = PBXFileReference; lastKnownFileType = image.png; path = "Lineas3-8.png"; sourceTree = "<group>"; };
		1B94BCBE1AF1905900622D75 /* decoder-2x4.png */ = {isa = PBXFileReference; lastKnownFileType = image.png; path = "decoder-2x4.png"; sourceTree = "<group>"; };
		1B94BCBF1AF1905900622D75 /* decoder-3x8.png */ = {isa = PBXFileReference; lastKnownFileType = image.png; path = "decoder-3x8.png"; sourceTree = "<group>"; };
		1B94BCC21AF193A700622D75 /* boxMemory.png */ = {isa = PBXFileReference; lastKnownFileType = image.png; path = boxMemory.png; sourceTree = "<group>"; };
		1BE0278A1AE9E3A700EE3500 /* Actividad_02.h */ = {isa = PBXFileReference; fileEncoding = 4; lastKnownFileType = sourcecode.c.h; path = Actividad_02.h; sourceTree = "<group>"; };
		1BE0278B1AE9E3A700EE3500 /* Actividad_02.m */ = {isa = PBXFileReference; fileEncoding = 4; lastKnownFileType = sourcecode.c.objc; path = Actividad_02.m; sourceTree = "<group>"; };
		F0205C381ADF24EF00F56196 /* sistema_memoria.png */ = {isa = PBXFileReference; lastKnownFileType = image.png; path = sistema_memoria.png; sourceTree = "<group>"; };
		F0DCBC5F1AF4269D00E5CDA1 /* Quiz.plist */ = {isa = PBXFileReference; fileEncoding = 4; lastKnownFileType = text.plist.xml; name = Quiz.plist; path = "../../../../../JesusN/Desktop/Visualizacion-Memoria/Memoria-Visualizacion/Memoria-Visualizacion/Quiz.plist"; sourceTree = "<group>"; };
		F0DCBC611AF4437F00E5CDA1 /* Pregunta_2.h */ = {isa = PBXFileReference; fileEncoding = 4; lastKnownFileType = sourcecode.c.h; name = Pregunta_2.h; path = "../../../../../JesusN/Desktop/Visualizacion-Memoria/Memoria-Visualizacion/Memoria-Visualizacion/Pregunta_2.h"; sourceTree = "<group>"; };
		F0DCBC621AF4437F00E5CDA1 /* Pregunta_2.m */ = {isa = PBXFileReference; fileEncoding = 4; lastKnownFileType = sourcecode.c.objc; name = Pregunta_2.m; path = "../../../../../JesusN/Desktop/Visualizacion-Memoria/Memoria-Visualizacion/Memoria-Visualizacion/Pregunta_2.m"; sourceTree = "<group>"; };
		F0DCBC641AF445AD00E5CDA1 /* Pregunta_3.h */ = {isa = PBXFileReference; fileEncoding = 4; lastKnownFileType = sourcecode.c.h; name = Pregunta_3.h; path = "../../../../../JesusN/Desktop/Visualizacion-Memoria/Memoria-Visualizacion/Memoria-Visualizacion/Pregunta_3.h"; sourceTree = "<group>"; };
		F0DCBC651AF445AD00E5CDA1 /* Pregunta_3.m */ = {isa = PBXFileReference; fileEncoding = 4; lastKnownFileType = sourcecode.c.objc; name = Pregunta_3.m; path = "../../../../../JesusN/Desktop/Visualizacion-Memoria/Memoria-Visualizacion/Memoria-Visualizacion/Pregunta_3.m"; sourceTree = "<group>"; };
		F0DCBC671AF4462000E5CDA1 /* Pregunta_4.h */ = {isa = PBXFileReference; fileEncoding = 4; lastKnownFileType = sourcecode.c.h; name = Pregunta_4.h; path = "../../../../../JesusN/Desktop/Visualizacion-Memoria/Memoria-Visualizacion/Memoria-Visualizacion/Pregunta_4.h"; sourceTree = "<group>"; };
		F0DCBC681AF4462000E5CDA1 /* Pregunta_4.m */ = {isa = PBXFileReference; fileEncoding = 4; lastKnownFileType = sourcecode.c.objc; name = Pregunta_4.m; path = "../../../../../JesusN/Desktop/Visualizacion-Memoria/Memoria-Visualizacion/Memoria-Visualizacion/Pregunta_4.m"; sourceTree = "<group>"; };
		F0DCBC6A1AF4466600E5CDA1 /* Resultado_Quiz.h */ = {isa = PBXFileReference; fileEncoding = 4; lastKnownFileType = sourcecode.c.h; name = Resultado_Quiz.h; path = "../../../../../JesusN/Desktop/Visualizacion-Memoria/Memoria-Visualizacion/Memoria-Visualizacion/Resultado_Quiz.h"; sourceTree = "<group>"; };
		F0DCBC6B1AF4466600E5CDA1 /* Resultado_Quiz.m */ = {isa = PBXFileReference; fileEncoding = 4; lastKnownFileType = sourcecode.c.objc; name = Resultado_Quiz.m; path = "../../../../../JesusN/Desktop/Visualizacion-Memoria/Memoria-Visualizacion/Memoria-Visualizacion/Resultado_Quiz.m"; sourceTree = "<group>"; };
/* End PBXFileReference section */

/* Begin PBXFrameworksBuildPhase section */
		1B0E49A31ADDDF92002A888B /* Frameworks */ = {
			isa = PBXFrameworksBuildPhase;
			buildActionMask = 2147483647;
			files = (
				1B462BC31AE87E1500F600F0 /* Foundation.framework in Frameworks */,
				1B462BC11AE87E0C00F600F0 /* SpriteKit.framework in Frameworks */,
				1B462BBF1AE87E0400F600F0 /* UIKit.framework in Frameworks */,
				1B462BBD1AE87DFB00F600F0 /* CoreGraphics.framework in Frameworks */,
			);
			runOnlyForDeploymentPostprocessing = 0;
		};
		1B0E49C11ADDDF92002A888B /* Frameworks */ = {
			isa = PBXFrameworksBuildPhase;
			buildActionMask = 2147483647;
			files = (
			);
			runOnlyForDeploymentPostprocessing = 0;
		};
/* End PBXFrameworksBuildPhase section */

/* Begin PBXGroup section */
		1B0E499D1ADDDF92002A888B = {
			isa = PBXGroup;
			children = (
				1B462BC21AE87E1500F600F0 /* Foundation.framework */,
				1B462BC01AE87E0C00F600F0 /* SpriteKit.framework */,
				1B462BBE1AE87E0400F600F0 /* UIKit.framework */,
				1B462BBC1AE87DFB00F600F0 /* CoreGraphics.framework */,
				1B0E49A81ADDDF92002A888B /* Memoria-Visualizacion */,
				1B0E49C71ADDDF92002A888B /* Memoria-VisualizacionTests */,
				1B0E49A71ADDDF92002A888B /* Products */,
			);
			sourceTree = "<group>";
		};
		1B0E49A71ADDDF92002A888B /* Products */ = {
			isa = PBXGroup;
			children = (
				1B0E49A61ADDDF92002A888B /* Memoria-Visualizacion.app */,
				1B0E49C41ADDDF92002A888B /* Memoria-VisualizacionTests.xctest */,
			);
			name = Products;
			sourceTree = "<group>";
		};
		1B0E49A81ADDDF92002A888B /* Memoria-Visualizacion */ = {
			isa = PBXGroup;
			children = (
				F0DCBC5F1AF4269D00E5CDA1 /* Quiz.plist */,
				1B462BC41AE87E7900F600F0 /* Other Resources */,
				1B0E49AD1ADDDF92002A888B /* AppDelegate.h */,
				1B0E49AE1ADDDF92002A888B /* AppDelegate.m */,
				1B0E49B01ADDDF92002A888B /* GameScene.h */,
				1B0E49B11ADDDF92002A888B /* GameScene.m */,
				1B0E49D41ADDDF9E002A888B /* Scenes */,
				1B0E49D81ADDDFB5002A888B /* Imagenes */,
				1B0E49B31ADDDF92002A888B /* GameScene.sks */,
				1B0E49B51ADDDF92002A888B /* GameViewController.h */,
				1B0E49B61ADDDF92002A888B /* GameViewController.m */,
				1B0E49B81ADDDF92002A888B /* Main.storyboard */,
				1B0E49BB1ADDDF92002A888B /* Images.xcassets */,
				1B0E49BD1ADDDF92002A888B /* LaunchScreen.xib */,
				1B0E49A91ADDDF92002A888B /* Supporting Files */,
			);
			path = "Memoria-Visualizacion";
			sourceTree = "<group>";
		};
		1B0E49A91ADDDF92002A888B /* Supporting Files */ = {
			isa = PBXGroup;
			children = (
				1B0E49AA1ADDDF92002A888B /* Info.plist */,
				1B0E49AB1ADDDF92002A888B /* main.m */,
			);
			name = "Supporting Files";
			sourceTree = "<group>";
		};
		1B0E49C71ADDDF92002A888B /* Memoria-VisualizacionTests */ = {
			isa = PBXGroup;
			children = (
				1B0E49CA1ADDDF92002A888B /* Memoria_VisualizacionTests.m */,
				1B0E49C81ADDDF92002A888B /* Supporting Files */,
			);
			path = "Memoria-VisualizacionTests";
			sourceTree = "<group>";
		};
		1B0E49C81ADDDF92002A888B /* Supporting Files */ = {
			isa = PBXGroup;
			children = (
				1B0E49C91ADDDF92002A888B /* Info.plist */,
			);
			name = "Supporting Files";
			sourceTree = "<group>";
		};
		1B0E49D41ADDDF9E002A888B /* Scenes */ = {
			isa = PBXGroup;
			children = (
				1B0E49D51ADDDFB0002A888B /* Scene00.m */,
				1B0E49D61ADDDFB0002A888B /* Scene00.h */,
				1B86B9E91ADF20FA00782F2F /* Actividades.m */,
				1B86B9EB1ADF210900782F2F /* Actividades.h */,
				1B462BA61AE8604C00F600F0 /* Actividad_01.h */,
				1B462BA71AE8604C00F600F0 /* Actividad_01.m */,
				1BE0278A1AE9E3A700EE3500 /* Actividad_02.h */,
				1BE0278B1AE9E3A700EE3500 /* Actividad_02.m */,
				1B62C8D81AF32BD30017DAE8 /* Actividad_03.h */,
				1B62C8D91AF32BD30017DAE8 /* Actividad_03.m */,
				1B62C8DB1AF32BE30017DAE8 /* Quizz.h */,
				1B62C8DC1AF32BE30017DAE8 /* Quizz.m */,
				F0DCBC611AF4437F00E5CDA1 /* Pregunta_2.h */,
				F0DCBC621AF4437F00E5CDA1 /* Pregunta_2.m */,
				F0DCBC641AF445AD00E5CDA1 /* Pregunta_3.h */,
				F0DCBC651AF445AD00E5CDA1 /* Pregunta_3.m */,
				F0DCBC671AF4462000E5CDA1 /* Pregunta_4.h */,
				F0DCBC681AF4462000E5CDA1 /* Pregunta_4.m */,
				F0DCBC6A1AF4466600E5CDA1 /* Resultado_Quiz.h */,
				F0DCBC6B1AF4466600E5CDA1 /* Resultado_Quiz.m */,
				1B86B9E61ADF20DA00782F2F /* Capitulos.m */,
				1B86B9E81ADF20E600782F2F /* Capitulos.h */,
				1B4632C01ADF36C60012ABEB /* Cap01_Intro.h */,
				1B4632BE1ADF36B80012ABEB /* Cap01_Intro.m */,
				1B4632C41ADF37520012ABEB /* Cap01_MemRAM.h */,
				1B4632C51ADF37520012ABEB /* Cap01_MemRAM.m */,
				1B1720861AF29FAB0046C715 /* Cap01_SistMemoria_2.h */,
				1B1720871AF29FAB0046C715 /* Cap01_SistMemoria_2.m */,
				1B1720881AF29FAB0046C715 /* Cap01_SistMemoria_3.h */,
				1B1720891AF29FAB0046C715 /* Cap01_SistMemoria_3.m */,
				1B17207E1AF29F910046C715 /* Cap01_MemRAM_2.h */,
				1B17207F1AF29F910046C715 /* Cap01_MemRAM_2.m */,
				1B1720801AF29F910046C715 /* Cap01_MemRAM_NxM_2.h */,
				1B1720811AF29F910046C715 /* Cap01_MemRAM_NxM_2.m */,
				1B4632C71ADF376F0012ABEB /* Cap01_CelBin.h */,
				1B4632C81ADF376F0012ABEB /* Cap01_CelBin.m */,
				1B1720741AF29F7F0046C715 /* Cap01_CelBin_2.h */,
				1B1720751AF29F7F0046C715 /* Cap01_CelBin_2.m */,
				1B1720761AF29F7F0046C715 /* Cap01_CelBin_3.h */,
				1B1720771AF29F7F0046C715 /* Cap01_CelBin_3.m */,
				1B4632CA1ADF37E30012ABEB /* Cap01_MemRAM_NxM.h */,
				1B4632CB1ADF37E30012ABEB /* Cap01_MemRAM_NxM.m */,
				1B4632CD1ADF38010012ABEB /* Cap01_SistMemoria.h */,
				1B4632CE1ADF38010012ABEB /* Cap01_SistMemoria.m */,
				1B4632D01ADF38260012ABEB /* Cap01_Resumen.h */,
				1B4632D11ADF38260012ABEB /* Cap01_Resumen.m */,
			);
			name = Scenes;
			sourceTree = "<group>";
		};
		1B0E49D81ADDDFB5002A888B /* Imagenes */ = {
			isa = PBXGroup;
			children = (
				1B462BB51AE86E7900F600F0 /* Actividad1 */,
				1B86B9EC1ADF280E00782F2F /* button_left.png */,
				1B17209E1AF2FD0F0046C715 /* Actividades_2.png */,
				1B17209F1AF2FD0F0046C715 /* Capitulos_2.png */,
				1B17209C1AF2D6110046C715 /* Actividad_1_new.png */,
				1B17208C1AF29FC40046C715 /* diagrama_celbin.png */,
				1B17208D1AF29FC40046C715 /* diagrama_nm.png */,
				1B17208E1AF29FC40046C715 /* diagrama_ram.png */,
				1B17208F1AF29FC40046C715 /* diagrama_sis.png */,
				1B1720961AF2A0610046C715 /* btn_memoria_ram.png */,
				1B1720901AF29FC40046C715 /* diagrama_sis2.png */,
				1B86B9FC1ADF2AF700782F2F /* background_main.png */,
				1B86B9FD1ADF2AF700782F2F /* background_main@2x.png */,
				1B86B9ED1ADF280E00782F2F /* button_left@2x.png */,
				1B86B9EE1ADF280E00782F2F /* button_right.png */,
				1B86B9EF1ADF280E00782F2F /* button_right@2x.png */,
				1B86B9F01ADF280E00782F2F /* footer.png */,
				1B86B9F11ADF280E00782F2F /* footer@2x.png */,
				1B86B9F21ADF280E00782F2F /* start.png */,
				1B86B9F31ADF280E00782F2F /* start@2x.png */,
				1B62C8CE1AF329900017DAE8 /* start_2.png */,
				F0205C381ADF24EF00F56196 /* sistema_memoria.png */,
				1B0E49F11ADDEB72002A888B /* titulo_memoria.png */,
				1B0E49DD1ADDE9D9002A888B /* actividad_1.png */,
				1B0E49DF1ADDE9EA002A888B /* actividad_2.png */,
				1B0E49E01ADDE9EA002A888B /* actividad_3.png */,
				1B0E49E11ADDE9EA002A888B /* actividades.png */,
				1B0E49E21ADDE9EA002A888B /* capitulos.png */,
				1B0E49E31ADDE9EA002A888B /* celda_binaria.png */,
				1B0E49E41ADDE9EA002A888B /* Introduccion.png */,
				1B0E49E51ADDE9EA002A888B /* memoria_nxm.png */,
				1B0E49E71ADDE9EA002A888B /* resumen.png */,
				1B0E49D91ADDDFCB002A888B /* background_main.jpg */,
				1B62C8CC1AF328A10017DAE8 /* background_2.png */,
				1B0E49DA1ADDDFCB002A888B /* background_main@2x.jpg */,
				1B62C8D01AF32B200017DAE8 /* Actividad_1_blue.png */,
				1B62C8D11AF32B200017DAE8 /* Actividad_2_blue.png */,
				1B62C8D21AF32B200017DAE8 /* Actividad_3_blue.png */,
				1B62C8D31AF32B200017DAE8 /* quizz.png */,
			);
			name = Imagenes;
			sourceTree = "<group>";
		};
		1B462BB51AE86E7900F600F0 /* Actividad1 */ = {
			isa = PBXGroup;
			children = (
				1B17209A1AF2CE470046C715 /* Cloud1.png */,
				1B62C8C61AF311C70017DAE8 /* BusDireccionIns.png */,
				1B94BCBE1AF1905900622D75 /* decoder-2x4.png */,
				1B94BCBF1AF1905900622D75 /* decoder-3x8.png */,
				1B7FC9391AE944B30047AE3F /* actividad_1_linas.png */,
				1B94BCBA1AF18D9400622D75 /* Lineas2-4.png */,
				1B94BCBB1AF18D9400622D75 /* Lineas3-8.png */,
				1B462BBA1AE8732F00F600F0 /* memoria_act1.png */,
				1B462BB61AE871AC00F600F0 /* memoria_box.png */,
				1B462BB71AE871AC00F600F0 /* Memoria.png */,
				1B1720A21AF302210046C715 /* Act_1_ins.png */,
				1B62C8DE1AF32CD60017DAE8 /* Act_2_ins.png */,
				1B462BA91AE8621400F600F0 /* Actividad1.png */,
				1B62C8E01AF32EEA0017DAE8 /* Actividad2.png */,
				1B94BCC21AF193A700622D75 /* boxMemory.png */,
			);
			name = Actividad1;
			sourceTree = "<group>";
		};
		1B462BC41AE87E7900F600F0 /* Other Resources */ = {
			isa = PBXGroup;
			children = (
				1B462BC51AE87E7900F600F0 /* SKTUtils */,
			);
			path = "Other Resources";
			sourceTree = "<group>";
		};
		1B462BC51AE87E7900F600F0 /* SKTUtils */ = {
			isa = PBXGroup;
			children = (
				1B462BC61AE87E7900F600F0 /* SKAction+SKTExtras.h */,
				1B462BC71AE87E7900F600F0 /* SKAction+SKTExtras.m */,
				1B462BC81AE87E7900F600F0 /* SKEmitterNode+SKTExtras.h */,
				1B462BC91AE87E7900F600F0 /* SKEmitterNode+SKTExtras.m */,
				1B462BCA1AE87E7900F600F0 /* SKNode+SKTExtras.h */,
				1B462BCB1AE87E7900F600F0 /* SKNode+SKTExtras.m */,
				1B462BCC1AE87E7900F600F0 /* SKTAudio.h */,
				1B462BCD1AE87E7900F600F0 /* SKTAudio.m */,
				1B462BCE1AE87E7900F600F0 /* SKTUtils.h */,
				1B462BCF1AE87E7900F600F0 /* SKTUtils.mm */,
			);
			path = SKTUtils;
			sourceTree = "<group>";
		};
/* End PBXGroup section */

/* Begin PBXNativeTarget section */
		1B0E49A51ADDDF92002A888B /* Memoria-Visualizacion */ = {
			isa = PBXNativeTarget;
			buildConfigurationList = 1B0E49CE1ADDDF92002A888B /* Build configuration list for PBXNativeTarget "Memoria-Visualizacion" */;
			buildPhases = (
				1B0E49A21ADDDF92002A888B /* Sources */,
				1B0E49A31ADDDF92002A888B /* Frameworks */,
				1B0E49A41ADDDF92002A888B /* Resources */,
			);
			buildRules = (
			);
			dependencies = (
			);
			name = "Memoria-Visualizacion";
			productName = "Memoria-Visualizacion";
			productReference = 1B0E49A61ADDDF92002A888B /* Memoria-Visualizacion.app */;
			productType = "com.apple.product-type.application";
		};
		1B0E49C31ADDDF92002A888B /* Memoria-VisualizacionTests */ = {
			isa = PBXNativeTarget;
			buildConfigurationList = 1B0E49D11ADDDF92002A888B /* Build configuration list for PBXNativeTarget "Memoria-VisualizacionTests" */;
			buildPhases = (
				1B0E49C01ADDDF92002A888B /* Sources */,
				1B0E49C11ADDDF92002A888B /* Frameworks */,
				1B0E49C21ADDDF92002A888B /* Resources */,
			);
			buildRules = (
			);
			dependencies = (
				1B0E49C61ADDDF92002A888B /* PBXTargetDependency */,
			);
			name = "Memoria-VisualizacionTests";
			productName = "Memoria-VisualizacionTests";
			productReference = 1B0E49C41ADDDF92002A888B /* Memoria-VisualizacionTests.xctest */;
			productType = "com.apple.product-type.bundle.unit-test";
		};
/* End PBXNativeTarget section */

/* Begin PBXProject section */
		1B0E499E1ADDDF92002A888B /* Project object */ = {
			isa = PBXProject;
			attributes = {
				LastUpgradeCheck = 0610;
				ORGANIZATIONNAME = NLCJohn;
				TargetAttributes = {
					1B0E49A51ADDDF92002A888B = {
						CreatedOnToolsVersion = 6.1.1;
					};
					1B0E49C31ADDDF92002A888B = {
						CreatedOnToolsVersion = 6.1.1;
						TestTargetID = 1B0E49A51ADDDF92002A888B;
					};
				};
			};
			buildConfigurationList = 1B0E49A11ADDDF92002A888B /* Build configuration list for PBXProject "Memoria-Visualizacion" */;
			compatibilityVersion = "Xcode 3.2";
			developmentRegion = English;
			hasScannedForEncodings = 0;
			knownRegions = (
				en,
				Base,
			);
			mainGroup = 1B0E499D1ADDDF92002A888B;
			productRefGroup = 1B0E49A71ADDDF92002A888B /* Products */;
			projectDirPath = "";
			projectRoot = "";
			targets = (
				1B0E49A51ADDDF92002A888B /* Memoria-Visualizacion */,
				1B0E49C31ADDDF92002A888B /* Memoria-VisualizacionTests */,
			);
		};
/* End PBXProject section */

/* Begin PBXResourcesBuildPhase section */
		1B0E49A41ADDDF92002A888B /* Resources */ = {
			isa = PBXResourcesBuildPhase;
			buildActionMask = 2147483647;
			files = (
				1B86B9F61ADF280E00782F2F /* button_right.png in Resources */,
				1B1720941AF29FC40046C715 /* diagrama_sis.png in Resources */,
				1B1720971AF2A0610046C715 /* btn_memoria_ram.png in Resources */,
				1B62C8C71AF311C70017DAE8 /* BusDireccionIns.png in Resources */,
				1B0E49EC1ADDE9EA002A888B /* celda_binaria.png in Resources */,
				1B86B9F81ADF280E00782F2F /* footer.png in Resources */,
				1B86B9FB1ADF280E00782F2F /* start@2x.png in Resources */,
				1B86B9FE1ADF2AF700782F2F /* background_main.png in Resources */,
				1B0E49BF1ADDDF92002A888B /* LaunchScreen.xib in Resources */,
				1B0E49ED1ADDE9EA002A888B /* Introduccion.png in Resources */,
				1B62C8DF1AF32CD60017DAE8 /* Act_2_ins.png in Resources */,
				1B462BB81AE871AC00F600F0 /* memoria_box.png in Resources */,
				1B0E49E81ADDE9EA002A888B /* actividad_2.png in Resources */,
				1B0E49BC1ADDDF92002A888B /* Images.xcassets in Resources */,
				1B462BBB1AE8732F00F600F0 /* memoria_act1.png in Resources */,
				1B94BCBD1AF18D9400622D75 /* Lineas3-8.png in Resources */,
				1B62C8D51AF32B200017DAE8 /* Actividad_2_blue.png in Resources */,
				F0205C391ADF24EF00F56196 /* sistema_memoria.png in Resources */,
				1B1720A01AF2FD0F0046C715 /* Actividades_2.png in Resources */,
				1B1720951AF29FC40046C715 /* diagrama_sis2.png in Resources */,
				1B17209D1AF2D6110046C715 /* Actividad_1_new.png in Resources */,
				1B1720A31AF302210046C715 /* Act_1_ins.png in Resources */,
				1B62C8D61AF32B200017DAE8 /* Actividad_3_blue.png in Resources */,
				1B0E49E91ADDE9EA002A888B /* actividad_3.png in Resources */,
				1B17209B1AF2CE470046C715 /* Cloud1.png in Resources */,
				1B0E49B41ADDDF92002A888B /* GameScene.sks in Resources */,
				1B0E49DE1ADDE9D9002A888B /* actividad_1.png in Resources */,
				1B94BCBC1AF18D9400622D75 /* Lineas2-4.png in Resources */,
				1B86B9FA1ADF280E00782F2F /* start.png in Resources */,
				1B62C8E11AF32EEA0017DAE8 /* Actividad2.png in Resources */,
				1B1720921AF29FC40046C715 /* diagrama_nm.png in Resources */,
				1B94BCC11AF1905900622D75 /* decoder-3x8.png in Resources */,
				1B62C8CD1AF328A10017DAE8 /* background_2.png in Resources */,
				1B1720931AF29FC40046C715 /* diagrama_ram.png in Resources */,
				1B0E49F21ADDEB72002A888B /* titulo_memoria.png in Resources */,
				1B62C8D41AF32B200017DAE8 /* Actividad_1_blue.png in Resources */,
				1B0E49DC1ADDDFCB002A888B /* background_main@2x.jpg in Resources */,
				1B0E49EA1ADDE9EA002A888B /* actividades.png in Resources */,
				1B62C8D71AF32B200017DAE8 /* quizz.png in Resources */,
				1B86B9F91ADF280E00782F2F /* footer@2x.png in Resources */,
				1B0E49EB1ADDE9EA002A888B /* capitulos.png in Resources */,
				F0DCBC601AF4269D00E5CDA1 /* Quiz.plist in Resources */,
				1B62C8CF1AF329900017DAE8 /* start_2.png in Resources */,
				1B0E49F01ADDE9EA002A888B /* resumen.png in Resources */,
				1B86B9FF1ADF2AF700782F2F /* background_main@2x.png in Resources */,
				1B1720911AF29FC40046C715 /* diagrama_celbin.png in Resources */,
				1B462BB91AE871AC00F600F0 /* Memoria.png in Resources */,
				1B86B9F41ADF280E00782F2F /* button_left.png in Resources */,
				1B86B9F51ADF280E00782F2F /* button_left@2x.png in Resources */,
				1B0E49DB1ADDDFCB002A888B /* background_main.jpg in Resources */,
				1B1720A11AF2FD0F0046C715 /* Capitulos_2.png in Resources */,
				1B94BCC01AF1905900622D75 /* decoder-2x4.png in Resources */,
				1B86B9F71ADF280E00782F2F /* button_right@2x.png in Resources */,
				1B7FC93A1AE944B30047AE3F /* actividad_1_linas.png in Resources */,
				1B0E49BA1ADDDF92002A888B /* Main.storyboard in Resources */,
				1B94BCC31AF193A700622D75 /* boxMemory.png in Resources */,
				1B462BAA1AE8621400F600F0 /* Actividad1.png in Resources */,
				1B0E49EE1ADDE9EA002A888B /* memoria_nxm.png in Resources */,
			);
			runOnlyForDeploymentPostprocessing = 0;
		};
		1B0E49C21ADDDF92002A888B /* Resources */ = {
			isa = PBXResourcesBuildPhase;
			buildActionMask = 2147483647;
			files = (
			);
			runOnlyForDeploymentPostprocessing = 0;
		};
/* End PBXResourcesBuildPhase section */

/* Begin PBXSourcesBuildPhase section */
		1B0E49A21ADDDF92002A888B /* Sources */ = {
			isa = PBXSourcesBuildPhase;
			buildActionMask = 2147483647;
			files = (
				1B4632C61ADF37520012ABEB /* Cap01_MemRAM.m in Sources */,
				1B4632BF1ADF36B80012ABEB /* Cap01_Intro.m in Sources */,
				1B1720851AF29F910046C715 /* Cap01_MemRAM_NxM_2.m in Sources */,
				1B1720791AF29F7F0046C715 /* Cap01_CelBin_3.m in Sources */,
				1B462BA81AE8604C00F600F0 /* Actividad_01.m in Sources */,
				1B0E49B71ADDDF92002A888B /* GameViewController.m in Sources */,
				F0DCBC6C1AF4466600E5CDA1 /* Resultado_Quiz.m in Sources */,
				1B4632D21ADF38260012ABEB /* Cap01_Resumen.m in Sources */,
				1B4632CF1ADF38010012ABEB /* Cap01_SistMemoria.m in Sources */,
				1B462BD11AE87E7900F600F0 /* SKEmitterNode+SKTExtras.m in Sources */,
				1B62C8DD1AF32BE30017DAE8 /* Quizz.m in Sources */,
				1BE0278C1AE9E3A700EE3500 /* Actividad_02.m in Sources */,
				F0DCBC661AF445AD00E5CDA1 /* Pregunta_3.m in Sources */,
				1B0E49AF1ADDDF92002A888B /* AppDelegate.m in Sources */,
				1B0E49B21ADDDF92002A888B /* GameScene.m in Sources */,
				1B0E49AC1ADDDF92002A888B /* main.m in Sources */,
				1B4632C91ADF376F0012ABEB /* Cap01_CelBin.m in Sources */,
				1B86B9EA1ADF20FA00782F2F /* Actividades.m in Sources */,
				F0DCBC691AF4462000E5CDA1 /* Pregunta_4.m in Sources */,
				1B4632CC1ADF37E30012ABEB /* Cap01_MemRAM_NxM.m in Sources */,
				F0DCBC631AF4437F00E5CDA1 /* Pregunta_2.m in Sources */,
				1B462BD31AE87E7900F600F0 /* SKTAudio.m in Sources */,
				1B462BD21AE87E7900F600F0 /* SKNode+SKTExtras.m in Sources */,
				1B17208B1AF29FAB0046C715 /* Cap01_SistMemoria_3.m in Sources */,
				1B1720841AF29F910046C715 /* Cap01_MemRAM_2.m in Sources */,
				1B462BD01AE87E7900F600F0 /* SKAction+SKTExtras.m in Sources */,
				1B1720781AF29F7F0046C715 /* Cap01_CelBin_2.m in Sources */,
				1B62C8DA1AF32BD30017DAE8 /* Actividad_03.m in Sources */,
				1B17208A1AF29FAB0046C715 /* Cap01_SistMemoria_2.m in Sources */,
				1B86B9E71ADF20DA00782F2F /* Capitulos.m in Sources */,
				1B462BD41AE87E7900F600F0 /* SKTUtils.mm in Sources */,
				1B0E49D71ADDDFB0002A888B /* Scene00.m in Sources */,
			);
			runOnlyForDeploymentPostprocessing = 0;
		};
		1B0E49C01ADDDF92002A888B /* Sources */ = {
			isa = PBXSourcesBuildPhase;
			buildActionMask = 2147483647;
			files = (
				1B0E49CB1ADDDF92002A888B /* Memoria_VisualizacionTests.m in Sources */,
			);
			runOnlyForDeploymentPostprocessing = 0;
		};
/* End PBXSourcesBuildPhase section */

/* Begin PBXTargetDependency section */
		1B0E49C61ADDDF92002A888B /* PBXTargetDependency */ = {
			isa = PBXTargetDependency;
			target = 1B0E49A51ADDDF92002A888B /* Memoria-Visualizacion */;
			targetProxy = 1B0E49C51ADDDF92002A888B /* PBXContainerItemProxy */;
		};
/* End PBXTargetDependency section */

/* Begin PBXVariantGroup section */
		1B0E49B81ADDDF92002A888B /* Main.storyboard */ = {
			isa = PBXVariantGroup;
			children = (
				1B0E49B91ADDDF92002A888B /* Base */,
			);
			name = Main.storyboard;
			sourceTree = "<group>";
		};
		1B0E49BD1ADDDF92002A888B /* LaunchScreen.xib */ = {
			isa = PBXVariantGroup;
			children = (
				1B0E49BE1ADDDF92002A888B /* Base */,
			);
			name = LaunchScreen.xib;
			sourceTree = "<group>";
		};
/* End PBXVariantGroup section */

/* Begin XCBuildConfiguration section */
		1B0E49CC1ADDDF92002A888B /* Debug */ = {
			isa = XCBuildConfiguration;
			buildSettings = {
				ALWAYS_SEARCH_USER_PATHS = NO;
				CLANG_CXX_LANGUAGE_STANDARD = "gnu++0x";
				CLANG_CXX_LIBRARY = "libc++";
				CLANG_ENABLE_MODULES = YES;
				CLANG_ENABLE_OBJC_ARC = YES;
				CLANG_WARN_BOOL_CONVERSION = YES;
				CLANG_WARN_CONSTANT_CONVERSION = YES;
				CLANG_WARN_DIRECT_OBJC_ISA_USAGE = YES_ERROR;
				CLANG_WARN_EMPTY_BODY = YES;
				CLANG_WARN_ENUM_CONVERSION = YES;
				CLANG_WARN_INT_CONVERSION = YES;
				CLANG_WARN_OBJC_ROOT_CLASS = YES_ERROR;
				CLANG_WARN_UNREACHABLE_CODE = YES;
				CLANG_WARN__DUPLICATE_METHOD_MATCH = YES;
				"CODE_SIGN_IDENTITY[sdk=iphoneos*]" = "iPhone Developer";
				COPY_PHASE_STRIP = NO;
				ENABLE_STRICT_OBJC_MSGSEND = YES;
				GCC_C_LANGUAGE_STANDARD = gnu99;
				GCC_DYNAMIC_NO_PIC = NO;
				GCC_OPTIMIZATION_LEVEL = 0;
				GCC_PREPROCESSOR_DEFINITIONS = (
					"DEBUG=1",
					"$(inherited)",
				);
				GCC_SYMBOLS_PRIVATE_EXTERN = NO;
				GCC_WARN_64_TO_32_BIT_CONVERSION = YES;
				GCC_WARN_ABOUT_RETURN_TYPE = YES_ERROR;
				GCC_WARN_UNDECLARED_SELECTOR = YES;
				GCC_WARN_UNINITIALIZED_AUTOS = YES_AGGRESSIVE;
				GCC_WARN_UNUSED_FUNCTION = YES;
				GCC_WARN_UNUSED_VARIABLE = YES;
				IPHONEOS_DEPLOYMENT_TARGET = 8.1;
				MTL_ENABLE_DEBUG_INFO = YES;
				ONLY_ACTIVE_ARCH = YES;
				SDKROOT = iphoneos;
				TARGETED_DEVICE_FAMILY = 2;
			};
			name = Debug;
		};
		1B0E49CD1ADDDF92002A888B /* Release */ = {
			isa = XCBuildConfiguration;
			buildSettings = {
				ALWAYS_SEARCH_USER_PATHS = NO;
				CLANG_CXX_LANGUAGE_STANDARD = "gnu++0x";
				CLANG_CXX_LIBRARY = "libc++";
				CLANG_ENABLE_MODULES = YES;
				CLANG_ENABLE_OBJC_ARC = YES;
				CLANG_WARN_BOOL_CONVERSION = YES;
				CLANG_WARN_CONSTANT_CONVERSION = YES;
				CLANG_WARN_DIRECT_OBJC_ISA_USAGE = YES_ERROR;
				CLANG_WARN_EMPTY_BODY = YES;
				CLANG_WARN_ENUM_CONVERSION = YES;
				CLANG_WARN_INT_CONVERSION = YES;
				CLANG_WARN_OBJC_ROOT_CLASS = YES_ERROR;
				CLANG_WARN_UNREACHABLE_CODE = YES;
				CLANG_WARN__DUPLICATE_METHOD_MATCH = YES;
				"CODE_SIGN_IDENTITY[sdk=iphoneos*]" = "iPhone Developer";
				COPY_PHASE_STRIP = YES;
				ENABLE_NS_ASSERTIONS = NO;
				ENABLE_STRICT_OBJC_MSGSEND = YES;
				GCC_C_LANGUAGE_STANDARD = gnu99;
				GCC_WARN_64_TO_32_BIT_CONVERSION = YES;
				GCC_WARN_ABOUT_RETURN_TYPE = YES_ERROR;
				GCC_WARN_UNDECLARED_SELECTOR = YES;
				GCC_WARN_UNINITIALIZED_AUTOS = YES_AGGRESSIVE;
				GCC_WARN_UNUSED_FUNCTION = YES;
				GCC_WARN_UNUSED_VARIABLE = YES;
				IPHONEOS_DEPLOYMENT_TARGET = 8.1;
				MTL_ENABLE_DEBUG_INFO = NO;
				SDKROOT = iphoneos;
				TARGETED_DEVICE_FAMILY = 2;
				VALIDATE_PRODUCT = YES;
			};
			name = Release;
		};
		1B0E49CF1ADDDF92002A888B /* Debug */ = {
			isa = XCBuildConfiguration;
			buildSettings = {
				ASSETCATALOG_COMPILER_APPICON_NAME = AppIcon;
				INFOPLIST_FILE = "Memoria-Visualizacion/Info.plist";
				LD_RUNPATH_SEARCH_PATHS = "$(inherited) @executable_path/Frameworks";
				PRODUCT_NAME = "$(TARGET_NAME)";
			};
			name = Debug;
		};
		1B0E49D01ADDDF92002A888B /* Release */ = {
			isa = XCBuildConfiguration;
			buildSettings = {
				ASSETCATALOG_COMPILER_APPICON_NAME = AppIcon;
				INFOPLIST_FILE = "Memoria-Visualizacion/Info.plist";
				LD_RUNPATH_SEARCH_PATHS = "$(inherited) @executable_path/Frameworks";
				PRODUCT_NAME = "$(TARGET_NAME)";
			};
			name = Release;
		};
		1B0E49D21ADDDF92002A888B /* Debug */ = {
			isa = XCBuildConfiguration;
			buildSettings = {
				BUNDLE_LOADER = "$(TEST_HOST)";
				FRAMEWORK_SEARCH_PATHS = (
					"$(SDKROOT)/Developer/Library/Frameworks",
					"$(inherited)",
				);
				GCC_PREPROCESSOR_DEFINITIONS = (
					"DEBUG=1",
					"$(inherited)",
				);
				INFOPLIST_FILE = "Memoria-VisualizacionTests/Info.plist";
				LD_RUNPATH_SEARCH_PATHS = "$(inherited) @executable_path/Frameworks @loader_path/Frameworks";
				PRODUCT_NAME = "$(TARGET_NAME)";
				TEST_HOST = "$(BUILT_PRODUCTS_DIR)/Memoria-Visualizacion.app/Memoria-Visualizacion";
			};
			name = Debug;
		};
		1B0E49D31ADDDF92002A888B /* Release */ = {
			isa = XCBuildConfiguration;
			buildSettings = {
				BUNDLE_LOADER = "$(TEST_HOST)";
				FRAMEWORK_SEARCH_PATHS = (
					"$(SDKROOT)/Developer/Library/Frameworks",
					"$(inherited)",
				);
				INFOPLIST_FILE = "Memoria-VisualizacionTests/Info.plist";
				LD_RUNPATH_SEARCH_PATHS = "$(inherited) @executable_path/Frameworks @loader_path/Frameworks";
				PRODUCT_NAME = "$(TARGET_NAME)";
				TEST_HOST = "$(BUILT_PRODUCTS_DIR)/Memoria-Visualizacion.app/Memoria-Visualizacion";
			};
			name = Release;
		};
/* End XCBuildConfiguration section */

/* Begin XCConfigurationList section */
		1B0E49A11ADDDF92002A888B /* Build configuration list for PBXProject "Memoria-Visualizacion" */ = {
			isa = XCConfigurationList;
			buildConfigurations = (
				1B0E49CC1ADDDF92002A888B /* Debug */,
				1B0E49CD1ADDDF92002A888B /* Release */,
			);
			defaultConfigurationIsVisible = 0;
			defaultConfigurationName = Release;
		};
		1B0E49CE1ADDDF92002A888B /* Build configuration list for PBXNativeTarget "Memoria-Visualizacion" */ = {
			isa = XCConfigurationList;
			buildConfigurations = (
				1B0E49CF1ADDDF92002A888B /* Debug */,
				1B0E49D01ADDDF92002A888B /* Release */,
			);
			defaultConfigurationIsVisible = 0;
			defaultConfigurationName = Release;
		};
		1B0E49D11ADDDF92002A888B /* Build configuration list for PBXNativeTarget "Memoria-VisualizacionTests" */ = {
			isa = XCConfigurationList;
			buildConfigurations = (
				1B0E49D21ADDDF92002A888B /* Debug */,
				1B0E49D31ADDDF92002A888B /* Release */,
			);
			defaultConfigurationIsVisible = 0;
			defaultConfigurationName = Release;
		};
/* End XCConfigurationList section */
	};
	rootObject = 1B0E499E1ADDDF92002A888B /* Project object */;
}
